
Microsoft Visual Studio Solution File, Format Version 12.00
# Visual Studio 15
VisualStudioVersion = 15.0.28307.539
MinimumVisualStudioVersion = 10.0.40219.1
Project("{FAE04EC0-301F-11D3-BF4B-00C04F79EFBC}") = "CalculatorFormApp", "CalculatorFormApp\CalculatorFormApp.csproj", "{9E651825-8AB7-4710-8A8D-1E9271A1CBF9}"
EndProject
Global
	GlobalSection(SolutionConfigurationPlatforms) = preSolution
		Debug|Any CPU = Debug|Any CPU
		Release|Any CPU = Release|Any CPU
	EndGlobalSection
	GlobalSection(ProjectConfigurationPlatforms) = postSolution
		{9E651825-8AB7-4710-8A8D-1E9271A1CBF9}.Debug|Any CPU.ActiveCfg = Debug|Any CPU
		{9E651825-8AB7-4710-8A8D-1E9271A1CBF9}.Debug|Any CPU.Build.0 = Debug|Any CPU
		{9E651825-8AB7-4710-8A8D-1E9271A1CBF9}.Release|Any CPU.ActiveCfg = Release|Any CPU
		{9E651825-8AB7-4710-8A8D-1E9271A1CBF9}.Release|Any CPU.Build.0 = Release|Any CPU
	EndGlobalSection
	GlobalSection(SolutionProperties) = preSolution
		HideSolutionNode = FALSE
	EndGlobalSection
	GlobalSection(ExtensibilityGlobals) = postSolution
		SolutionGuid = {4F3E4220-F615-40E4-9C45-825EA41266FC}
	EndGlobalSection
EndGlobal
